# This file was autogenerated by uv via the following command:
#    uv pip compile --all-extras --resolution=lowest --output-file=uv.lock pyproject.toml
annotated-types==0.4.0
    # via pydantic
anyio==4.5.0
    # via
    #   httpx
    #   mcp
    #   starlette
bleak==0.22.3
    # via ble-hrm-server (pyproject.toml)
certifi==0.0.1
    # via
    #   httpcore
    #   httpx
click==8.0.0
    # via
    #   typer
    #   uvicorn
contourpy==1.0.1
    # via matplotlib
cycler==0.10.0
    # via matplotlib
dotenv==0.9.9
    # via ble-hrm-server (pyproject.toml)
exceptiongroup==1.2.2
    # via fastmcp
fastmcp==2.3.4
    # via ble-hrm-server (pyproject.toml)
fonttools==4.22.0
    # via matplotlib
h11==0.13.0
    # via
    #   httpcore
    #   uvicorn
httpcore==1.0.0
    # via httpx
httpx==0.28.1
    # via
    #   fastmcp
    #   mcp
httpx-sse==0.4.0
    # via mcp
idna==2.8
    # via
    #   anyio
    #   httpx
iniconfig==0.1
    # via pytest
kiwisolver==1.3.1
    # via matplotlib
markdown-it-py==2.2.0
    # via rich
matplotlib==3.10.3
    # via ble-hrm-server (pyproject.toml)
mcp==1.8.1
    # via fastmcp
mdurl==0.1.0
    # via markdown-it-py
numpy==1.23.0
    # via
    #   contourpy
    #   matplotlib
openapi-pydantic==0.5.1
    # via fastmcp
packaging==20.0
    # via
    #   matplotlib
    #   pytest
pillow==8.0.0
    # via matplotlib
pluggy==1.5.0
    # via pytest
pydantic==2.7.2
    # via
    #   mcp
    #   openapi-pydantic
    #   pydantic-settings
pydantic-core==2.18.3
    # via pydantic
pydantic-settings==2.5.2
    # via mcp
pygments==2.13.0
    # via rich
pyobjc-core==10.3
    # via
    #   bleak
    #   pyobjc-framework-cocoa
    #   pyobjc-framework-corebluetooth
    #   pyobjc-framework-libdispatch
pyobjc-framework-cocoa==10.3
    # via
    #   pyobjc-framework-corebluetooth
    #   pyobjc-framework-libdispatch
pyobjc-framework-corebluetooth==10.3
    # via bleak
pyobjc-framework-libdispatch==10.3
    # via bleak
pyparsing==2.3.1
    # via
    #   matplotlib
    #   packaging
pytest==8.3.5
    # via ble-hrm-server (pyproject.toml)
python-dateutil==2.7.0
    # via matplotlib
python-dotenv==1.1.0
    # via
    #   dotenv
    #   fastmcp
    #   pydantic-settings
python-multipart==0.0.9
    # via mcp
qiniu==7.16.0
    # via ble-hrm-server (pyproject.toml)
requests==0.2.0
    # via qiniu
rich==13.9.4
    # via
    #   fastmcp
    #   typer
shellingham==1.3.0
    # via typer
six==1.5.0
    # via
    #   cycler
    #   packaging
    #   python-dateutil
sniffio==1.1.0
    # via anyio
sse-starlette==1.6.1
    # via mcp
starlette==0.27.0
    # via
    #   mcp
    #   sse-starlette
typer==0.15.2
    # via fastmcp
typing-extensions==4.6.1
    # via
    #   pydantic
    #   pydantic-core
    #   typer
uvicorn==0.23.1
    # via mcp
websockets==14.0
    # via fastmcp
